// !$*UTF8*$!
{
	archiveVersion = 1;
	classes = {
	};
	objectVersion = 50;
	objects = {

/* Begin PBXBuildFile section */
		2F86F69D25F7B9F200AF0128 /* AppDelegate.swift in Sources */ = {isa = PBXBuildFile; fileRef = 2F86F69C25F7B9F200AF0128 /* AppDelegate.swift */; };
		2F86F69F25F7B9F200AF0128 /* SceneDelegate.swift in Sources */ = {isa = PBXBuildFile; fileRef = 2F86F69E25F7B9F200AF0128 /* SceneDelegate.swift */; };
		2F86F6A125F7B9F200AF0128 /* ViewController.swift in Sources */ = {isa = PBXBuildFile; fileRef = 2F86F6A025F7B9F200AF0128 /* ViewController.swift */; };
		2F86F6A425F7B9F200AF0128 /* Main.storyboard in Resources */ = {isa = PBXBuildFile; fileRef = 2F86F6A225F7B9F200AF0128 /* Main.storyboard */; };
		2F86F6A925F7B9F400AF0128 /* LaunchScreen.storyboard in Resources */ = {isa = PBXBuildFile; fileRef = 2F86F6A725F7B9F400AF0128 /* LaunchScreen.storyboard */; };
		2F86F6B425F7B9F400AF0128 /* cryptsomeTests.swift in Sources */ = {isa = PBXBuildFile; fileRef = 2F86F6B325F7B9F400AF0128 /* cryptsomeTests.swift */; };
		2F86F6BF25F7B9F400AF0128 /* cryptsomeUITests.swift in Sources */ = {isa = PBXBuildFile; fileRef = 2F86F6BE25F7B9F400AF0128 /* cryptsomeUITests.swift */; };
		2F86F6FE25F7CEBB00AF0128 /* Media.xcassets in Resources */ = {isa = PBXBuildFile; fileRef = 2F86F6FD25F7CEBB00AF0128 /* Media.xcassets */; };
		2F86F71E25F7E23C00AF0128 /* Extensions.swift in Sources */ = {isa = PBXBuildFile; fileRef = 2F86F71D25F7E23C00AF0128 /* Extensions.swift */; };
/* End PBXBuildFile section */

/* Begin PBXContainerItemProxy section */
		2F86F6B025F7B9F400AF0128 /* PBXContainerItemProxy */ = {
			isa = PBXContainerItemProxy;
			containerPortal = 2F86F69125F7B9F200AF0128 /* Project object */;
			proxyType = 1;
			remoteGlobalIDString = 2F86F69825F7B9F200AF0128;
			remoteInfo = cryptsome;
		};
		2F86F6BB25F7B9F400AF0128 /* PBXContainerItemProxy */ = {
			isa = PBXContainerItemProxy;
			containerPortal = 2F86F69125F7B9F200AF0128 /* Project object */;
			proxyType = 1;
			remoteGlobalIDString = 2F86F69825F7B9F200AF0128;
			remoteInfo = cryptsome;
		};
/* End PBXContainerItemProxy section */

/* Begin PBXFileReference section */
		2F86F69925F7B9F200AF0128 /* cryptsome.app */ = {isa = PBXFileReference; explicitFileType = wrapper.application; includeInIndex = 0; path = cryptsome.app; sourceTree = BUILT_PRODUCTS_DIR; };
		2F86F69C25F7B9F200AF0128 /* AppDelegate.swift */ = {isa = PBXFileReference; lastKnownFileType = sourcecode.swift; path = AppDelegate.swift; sourceTree = "<group>"; };
		2F86F69E25F7B9F200AF0128 /* SceneDelegate.swift */ = {isa = PBXFileReference; lastKnownFileType = sourcecode.swift; path = SceneDelegate.swift; sourceTree = "<group>"; };
		2F86F6A025F7B9F200AF0128 /* ViewController.swift */ = {isa = PBXFileReference; lastKnownFileType = sourcecode.swift; path = ViewController.swift; sourceTree = "<group>"; };
		2F86F6A325F7B9F200AF0128 /* Base */ = {isa = PBXFileReference; lastKnownFileType = file.storyboard; name = Base; path = Base.lproj/Main.storyboard; sourceTree = "<group>"; };
		2F86F6A825F7B9F400AF0128 /* Base */ = {isa = PBXFileReference; lastKnownFileType = file.storyboard; name = Base; path = Base.lproj/LaunchScreen.storyboard; sourceTree = "<group>"; };
		2F86F6AA25F7B9F400AF0128 /* Info.plist */ = {isa = PBXFileReference; lastKnownFileType = text.plist.xml; path = Info.plist; sourceTree = "<group>"; };
		2F86F6AF25F7B9F400AF0128 /* cryptsomeTests.xctest */ = {isa = PBXFileReference; explicitFileType = wrapper.cfbundle; includeInIndex = 0; path = cryptsomeTests.xctest; sourceTree = BUILT_PRODUCTS_DIR; };
		2F86F6B325F7B9F400AF0128 /* cryptsomeTests.swift */ = {isa = PBXFileReference; lastKnownFileType = sourcecode.swift; path = cryptsomeTests.swift; sourceTree = "<group>"; };
		2F86F6B525F7B9F400AF0128 /* Info.plist */ = {isa = PBXFileReference; lastKnownFileType = text.plist.xml; path = Info.plist; sourceTree = "<group>"; };
		2F86F6BA25F7B9F400AF0128 /* cryptsomeUITests.xctest */ = {isa = PBXFileReference; explicitFileType = wrapper.cfbundle; includeInIndex = 0; path = cryptsomeUITests.xctest; sourceTree = BUILT_PRODUCTS_DIR; };
		2F86F6BE25F7B9F400AF0128 /* cryptsomeUITests.swift */ = {isa = PBXFileReference; lastKnownFileType = sourcecode.swift; path = cryptsomeUITests.swift; sourceTree = "<group>"; };
		2F86F6C025F7B9F400AF0128 /* Info.plist */ = {isa = PBXFileReference; lastKnownFileType = text.plist.xml; path = Info.plist; sourceTree = "<group>"; };
		2F86F6FD25F7CEBB00AF0128 /* Media.xcassets */ = {isa = PBXFileReference; lastKnownFileType = folder.assetcatalog; path = Media.xcassets; sourceTree = "<group>"; };
		2F86F71D25F7E23C00AF0128 /* Extensions.swift */ = {isa = PBXFileReference; lastKnownFileType = sourcecode.swift; path = Extensions.swift; sourceTree = "<group>"; };
/* End PBXFileReference section */

/* Begin PBXFrameworksBuildPhase section */
		2F86F69625F7B9F200AF0128 /* Frameworks */ = {
			isa = PBXFrameworksBuildPhase;
			buildActionMask = 2147483647;
			files = (
			);
			runOnlyForDeploymentPostprocessing = 0;
		};
		2F86F6AC25F7B9F400AF0128 /* Frameworks */ = {
			isa = PBXFrameworksBuildPhase;
			buildActionMask = 2147483647;
			files = (
			);
			runOnlyForDeploymentPostprocessing = 0;
		};
		2F86F6B725F7B9F400AF0128 /* Frameworks */ = {
			isa = PBXFrameworksBuildPhase;
			buildActionMask = 2147483647;
			files = (
			);
			runOnlyForDeploymentPostprocessing = 0;
		};
/* End PBXFrameworksBuildPhase section */

/* Begin PBXGroup section */
		2F86F69025F7B9F200AF0128 = {
			isa = PBXGroup;
			children = (
				2F86F69B25F7B9F200AF0128 /* cryptsome */,
				2F86F6B225F7B9F400AF0128 /* cryptsomeTests */,
				2F86F6BD25F7B9F400AF0128 /* cryptsomeUITests */,
				2F86F69A25F7B9F200AF0128 /* Products */,
			);
			sourceTree = "<group>";
		};
		2F86F69A25F7B9F200AF0128 /* Products */ = {
			isa = PBXGroup;
			children = (
				2F86F69925F7B9F200AF0128 /* cryptsome.app */,
				2F86F6AF25F7B9F400AF0128 /* cryptsomeTests.xctest */,
				2F86F6BA25F7B9F400AF0128 /* cryptsomeUITests.xctest */,
			);
			name = Products;
			sourceTree = "<group>";
		};
		2F86F69B25F7B9F200AF0128 /* cryptsome */ = {
			isa = PBXGroup;
			children = (
				2F86F6E925F7CD5300AF0128 /* SupportingFiles */,
				2F86F6D325F7BF8F00AF0128 /* Views */,
				2F86F6D225F7BF7A00AF0128 /* Models */,
				2F86F6D125F7BF6700AF0128 /* Controllers */,
			);
			path = cryptsome;
			sourceTree = "<group>";
		};
		2F86F6B225F7B9F400AF0128 /* cryptsomeTests */ = {
			isa = PBXGroup;
			children = (
				2F86F6B325F7B9F400AF0128 /* cryptsomeTests.swift */,
				2F86F6B525F7B9F400AF0128 /* Info.plist */,
			);
			path = cryptsomeTests;
			sourceTree = "<group>";
		};
		2F86F6BD25F7B9F400AF0128 /* cryptsomeUITests */ = {
			isa = PBXGroup;
			children = (
				2F86F6BE25F7B9F400AF0128 /* cryptsomeUITests.swift */,
				2F86F6C025F7B9F400AF0128 /* Info.plist */,
			);
			path = cryptsomeUITests;
			sourceTree = "<group>";
		};
		2F86F6D125F7BF6700AF0128 /* Controllers */ = {
			isa = PBXGroup;
			children = (
				2F86F69C25F7B9F200AF0128 /* AppDelegate.swift */,
				2F86F69E25F7B9F200AF0128 /* SceneDelegate.swift */,
				2F86F6A025F7B9F200AF0128 /* ViewController.swift */,
				2F86F71D25F7E23C00AF0128 /* Extensions.swift */,
			);
			path = Controllers;
			sourceTree = "<group>";
		};
		2F86F6D225F7BF7A00AF0128 /* Models */ = {
			isa = PBXGroup;
			children = (
				2F86F6A225F7B9F200AF0128 /* Main.storyboard */,
				2F86F6A725F7B9F400AF0128 /* LaunchScreen.storyboard */,
			);
			path = Models;
			sourceTree = "<group>";
		};
		2F86F6D325F7BF8F00AF0128 /* Views */ = {
			isa = PBXGroup;
			children = (
			);
			path = Views;
			sourceTree = "<group>";
		};
		2F86F6E925F7CD5300AF0128 /* SupportingFiles */ = {
			isa = PBXGroup;
			children = (
				2F86F6F725F7CE3E00AF0128 /* Assets */,
				2F86F6AA25F7B9F400AF0128 /* Info.plist */,
			);
			path = SupportingFiles;
			sourceTree = "<group>";
		};
		2F86F6F725F7CE3E00AF0128 /* Assets */ = {
			isa = PBXGroup;
			children = (
				2F86F6FD25F7CEBB00AF0128 /* Media.xcassets */,
			);
			path = Assets;
			sourceTree = "<group>";
		};
/* End PBXGroup section */

/* Begin PBXNativeTarget section */
		2F86F69825F7B9F200AF0128 /* cryptsome */ = {
			isa = PBXNativeTarget;
			buildConfigurationList = 2F86F6C325F7B9F400AF0128 /* Build configuration list for PBXNativeTarget "cryptsome" */;
			buildPhases = (
				2F86F69525F7B9F200AF0128 /* Sources */,
				2F86F69625F7B9F200AF0128 /* Frameworks */,
				2F86F69725F7B9F200AF0128 /* Resources */,
			);
			buildRules = (
			);
			dependencies = (
			);
			name = cryptsome;
			productName = cryptsome;
			productReference = 2F86F69925F7B9F200AF0128 /* cryptsome.app */;
			productType = "com.apple.product-type.application";
		};
		2F86F6AE25F7B9F400AF0128 /* cryptsomeTests */ = {
			isa = PBXNativeTarget;
			buildConfigurationList = 2F86F6C625F7B9F400AF0128 /* Build configuration list for PBXNativeTarget "cryptsomeTests" */;
			buildPhases = (
				2F86F6AB25F7B9F400AF0128 /* Sources */,
				2F86F6AC25F7B9F400AF0128 /* Frameworks */,
				2F86F6AD25F7B9F400AF0128 /* Resources */,
			);
			buildRules = (
			);
			dependencies = (
				2F86F6B125F7B9F400AF0128 /* PBXTargetDependency */,
			);
			name = cryptsomeTests;
			productName = cryptsomeTests;
			productReference = 2F86F6AF25F7B9F400AF0128 /* cryptsomeTests.xctest */;
			productType = "com.apple.product-type.bundle.unit-test";
		};
		2F86F6B925F7B9F400AF0128 /* cryptsomeUITests */ = {
			isa = PBXNativeTarget;
			buildConfigurationList = 2F86F6C925F7B9F400AF0128 /* Build configuration list for PBXNativeTarget "cryptsomeUITests" */;
			buildPhases = (
				2F86F6B625F7B9F400AF0128 /* Sources */,
				2F86F6B725F7B9F400AF0128 /* Frameworks */,
				2F86F6B825F7B9F400AF0128 /* Resources */,
			);
			buildRules = (
			);
			dependencies = (
				2F86F6BC25F7B9F400AF0128 /* PBXTargetDependency */,
			);
			name = cryptsomeUITests;
			productName = cryptsomeUITests;
			productReference = 2F86F6BA25F7B9F400AF0128 /* cryptsomeUITests.xctest */;
			productType = "com.apple.product-type.bundle.ui-testing";
		};
/* End PBXNativeTarget section */

/* Begin PBXProject section */
		2F86F69125F7B9F200AF0128 /* Project object */ = {
			isa = PBXProject;
			attributes = {
				LastSwiftUpdateCheck = 1230;
				LastUpgradeCheck = 1230;
				TargetAttributes = {
					2F86F69825F7B9F200AF0128 = {
						CreatedOnToolsVersion = 12.3;
					};
					2F86F6AE25F7B9F400AF0128 = {
						CreatedOnToolsVersion = 12.3;
						TestTargetID = 2F86F69825F7B9F200AF0128;
					};
					2F86F6B925F7B9F400AF0128 = {
						CreatedOnToolsVersion = 12.3;
						TestTargetID = 2F86F69825F7B9F200AF0128;
					};
				};
			};
			buildConfigurationList = 2F86F69425F7B9F200AF0128 /* Build configuration list for PBXProject "cryptsome" */;
			compatibilityVersion = "Xcode 9.3";
			developmentRegion = en;
			hasScannedForEncodings = 0;
			knownRegions = (
				en,
				Base,
			);
			mainGroup = 2F86F69025F7B9F200AF0128;
			productRefGroup = 2F86F69A25F7B9F200AF0128 /* Products */;
			projectDirPath = "";
			projectRoot = "";
			targets = (
				2F86F69825F7B9F200AF0128 /* cryptsome */,
				2F86F6AE25F7B9F400AF0128 /* cryptsomeTests */,
				2F86F6B925F7B9F400AF0128 /* cryptsomeUITests */,
			);
		};
/* End PBXProject section */

/* Begin PBXResourcesBuildPhase section */
		2F86F69725F7B9F200AF0128 /* Resources */ = {
			isa = PBXResourcesBuildPhase;
			buildActionMask = 2147483647;
			files = (
				2F86F6A925F7B9F400AF0128 /* LaunchScreen.storyboard in Resources */,
				2F86F6FE25F7CEBB00AF0128 /* Media.xcassets in Resources */,
				2F86F6A425F7B9F200AF0128 /* Main.storyboard in Resources */,
			);
			runOnlyForDeploymentPostprocessing = 0;
		};
		2F86F6AD25F7B9F400AF0128 /* Resources */ = {
			isa = PBXResourcesBuildPhase;
			buildActionMask = 2147483647;
			files = (
			);
			runOnlyForDeploymentPostprocessing = 0;
		};
		2F86F6B825F7B9F400AF0128 /* Resources */ = {
			isa = PBXResourcesBuildPhase;
			buildActionMask = 2147483647;
			files = (
			);
			runOnlyForDeploymentPostprocessing = 0;
		};
/* End PBXResourcesBuildPhase section */

/* Begin PBXSourcesBuildPhase section */
		2F86F69525F7B9F200AF0128 /* Sources */ = {
			isa = PBXSourcesBuildPhase;
			buildActionMask = 2147483647;
			files = (
				2F86F6A125F7B9F200AF0128 /* ViewController.swift in Sources */,
				2F86F69D25F7B9F200AF0128 /* AppDelegate.swift in Sources */,
				2F86F69F25F7B9F200AF0128 /* SceneDelegate.swift in Sources */,
				2F86F71E25F7E23C00AF0128 /* Extensions.swift in Sources */,
			);
			runOnlyForDeploymentPostprocessing = 0;
		};
		2F86F6AB25F7B9F400AF0128 /* Sources */ = {
			isa = PBXSourcesBuildPhase;
			buildActionMask = 2147483647;
			files = (
				2F86F6B425F7B9F400AF0128 /* cryptsomeTests.swift in Sources */,
			);
			runOnlyForDeploymentPostprocessing = 0;
		};
		2F86F6B625F7B9F400AF0128 /* Sources */ = {
			isa = PBXSourcesBuildPhase;
			buildActionMask = 2147483647;
			files = (
				2F86F6BF25F7B9F400AF0128 /* cryptsomeUITests.swift in Sources */,
			);
			runOnlyForDeploymentPostprocessing = 0;
		};
/* End PBXSourcesBuildPhase section */

/* Begin PBXTargetDependency section */
		2F86F6B125F7B9F400AF0128 /* PBXTargetDependency */ = {
			isa = PBXTargetDependency;
			target = 2F86F69825F7B9F200AF0128 /* cryptsome */;
			targetProxy = 2F86F6B025F7B9F400AF0128 /* PBXContainerItemProxy */;
		};
		2F86F6BC25F7B9F400AF0128 /* PBXTargetDependency */ = {
			isa = PBXTargetDependency;
			target = 2F86F69825F7B9F200AF0128 /* cryptsome */;
			targetProxy = 2F86F6BB25F7B9F400AF0128 /* PBXContainerItemProxy */;
		};
/* End PBXTargetDependency section */

/* Begin PBXVariantGroup section */
		2F86F6A225F7B9F200AF0128 /* Main.storyboard */ = {
			isa = PBXVariantGroup;
			children = (
				2F86F6A325F7B9F200AF0128 /* Base */,
			);
			name = Main.storyboard;
			sourceTree = "<group>";
		};
		2F86F6A725F7B9F400AF0128 /* LaunchScreen.storyboard */ = {
			isa = PBXVariantGroup;
			children = (
				2F86F6A825F7B9F400AF0128 /* Base */,
			);
			name = LaunchScreen.storyboard;
			sourceTree = "<group>";
		};
/* End PBXVariantGroup section */

/* Begin XCBuildConfiguration section */
		2F86F6C125F7B9F400AF0128 /* Debug */ = {
			isa = XCBuildConfiguration;
			buildSettings = {
				ALWAYS_SEARCH_USER_PATHS = NO;
				CLANG_ANALYZER_NONNULL = YES;
				CLANG_ANALYZER_NUMBER_OBJECT_CONVERSION = YES_AGGRESSIVE;
				CLANG_CXX_LANGUAGE_STANDARD = "gnu++14";
				CLANG_CXX_LIBRARY = "libc++";
				CLANG_ENABLE_MODULES = YES;
				CLANG_ENABLE_OBJC_ARC = YES;
				CLANG_ENABLE_OBJC_WEAK = YES;
				CLANG_WARN_BLOCK_CAPTURE_AUTORELEASING = YES;
				CLANG_WARN_BOOL_CONVERSION = YES;
				CLANG_WARN_COMMA = YES;
				CLANG_WARN_CONSTANT_CONVERSION = YES;
				CLANG_WARN_DEPRECATED_OBJC_IMPLEMENTATIONS = YES;
				CLANG_WARN_DIRECT_OBJC_ISA_USAGE = YES_ERROR;
				CLANG_WARN_DOCUMENTATION_COMMENTS = YES;
				CLANG_WARN_EMPTY_BODY = YES;
				CLANG_WARN_ENUM_CONVERSION = YES;
				CLANG_WARN_INFINITE_RECURSION = YES;
				CLANG_WARN_INT_CONVERSION = YES;
				CLANG_WARN_NON_LITERAL_NULL_CONVERSION = YES;
				CLANG_WARN_OBJC_IMPLICIT_RETAIN_SELF = YES;
				CLANG_WARN_OBJC_LITERAL_CONVERSION = YES;
				CLANG_WARN_OBJC_ROOT_CLASS = YES_ERROR;
				CLANG_WARN_QUOTED_INCLUDE_IN_FRAMEWORK_HEADER = YES;
				CLANG_WARN_RANGE_LOOP_ANALYSIS = YES;
				CLANG_WARN_STRICT_PROTOTYPES = YES;
				CLANG_WARN_SUSPICIOUS_MOVE = YES;
				CLANG_WARN_UNGUARDED_AVAILABILITY = YES_AGGRESSIVE;
				CLANG_WARN_UNREACHABLE_CODE = YES;
				CLANG_WARN__DUPLICATE_METHOD_MATCH = YES;
				COPY_PHASE_STRIP = NO;
				DEBUG_INFORMATION_FORMAT = dwarf;
				ENABLE_STRICT_OBJC_MSGSEND = YES;
				ENABLE_TESTABILITY = YES;
				GCC_C_LANGUAGE_STANDARD = gnu11;
				GCC_DYNAMIC_NO_PIC = NO;
				GCC_NO_COMMON_BLOCKS = YES;
				GCC_OPTIMIZATION_LEVEL = 0;
				GCC_PREPROCESSOR_DEFINITIONS = (
					"DEBUG=1",
					"$(inherited)",
				);
				GCC_WARN_64_TO_32_BIT_CONVERSION = YES;
				GCC_WARN_ABOUT_RETURN_TYPE = YES_ERROR;
				GCC_WARN_UNDECLARED_SELECTOR = YES;
				GCC_WARN_UNINITIALIZED_AUTOS = YES_AGGRESSIVE;
				GCC_WARN_UNUSED_FUNCTION = YES;
				GCC_WARN_UNUSED_VARIABLE = YES;
				IPHONEOS_DEPLOYMENT_TARGET = 14.3;
				MTL_ENABLE_DEBUG_INFO = INCLUDE_SOURCE;
				MTL_FAST_MATH = YES;
				ONLY_ACTIVE_ARCH = YES;
				SDKROOT = iphoneos;
				SWIFT_ACTIVE_COMPILATION_CONDITIONS = DEBUG;
				SWIFT_OPTIMIZATION_LEVEL = "-Onone";
			};
			name = Debug;
		};
		2F86F6C225F7B9F400AF0128 /* Release */ = {
			isa = XCBuildConfiguration;
			buildSettings = {
				ALWAYS_SEARCH_USER_PATHS = NO;
				CLANG_ANALYZER_NONNULL = YES;
				CLANG_ANALYZER_NUMBER_OBJECT_CONVERSION = YES_AGGRESSIVE;
				CLANG_CXX_LANGUAGE_STANDARD = "gnu++14";
				CLANG_CXX_LIBRARY = "libc++";
				CLANG_ENABLE_MODULES = YES;
				CLANG_ENABLE_OBJC_ARC = YES;
				CLANG_ENABLE_OBJC_WEAK = YES;
				CLANG_WARN_BLOCK_CAPTURE_AUTORELEASING = YES;
				CLANG_WARN_BOOL_CONVERSION = YES;
				CLANG_WARN_COMMA = YES;
				CLANG_WARN_CONSTANT_CONVERSION = YES;
				CLANG_WARN_DEPRECATED_OBJC_IMPLEMENTATIONS = YES;
				CLANG_WARN_DIRECT_OBJC_ISA_USAGE = YES_ERROR;
				CLANG_WARN_DOCUMENTATION_COMMENTS = YES;
				CLANG_WARN_EMPTY_BODY = YES;
				CLANG_WARN_ENUM_CONVERSION = YES;
				CLANG_WARN_INFINITE_RECURSION = YES;
				CLANG_WARN_INT_CONVERSION = YES;
				CLANG_WARN_NON_LITERAL_NULL_CONVERSION = YES;
				CLANG_WARN_OBJC_IMPLICIT_RETAIN_SELF = YES;
				CLANG_WARN_OBJC_LITERAL_CONVERSION = YES;
				CLANG_WARN_OBJC_ROOT_CLASS = YES_ERROR;
				CLANG_WARN_QUOTED_INCLUDE_IN_FRAMEWORK_HEADER = YES;
				CLANG_WARN_RANGE_LOOP_ANALYSIS = YES;
				CLANG_WARN_STRICT_PROTOTYPES = YES;
				CLANG_WARN_SUSPICIOUS_MOVE = YES;
				CLANG_WARN_UNGUARDED_AVAILABILITY = YES_AGGRESSIVE;
				CLANG_WARN_UNREACHABLE_CODE = YES;
				CLANG_WARN__DUPLICATE_METHOD_MATCH = YES;
				COPY_PHASE_STRIP = NO;
				DEBUG_INFORMATION_FORMAT = "dwarf-with-dsym";
				ENABLE_NS_ASSERTIONS = NO;
				ENABLE_STRICT_OBJC_MSGSEND = YES;
				GCC_C_LANGUAGE_STANDARD = gnu11;
				GCC_NO_COMMON_BLOCKS = YES;
				GCC_WARN_64_TO_32_BIT_CONVERSION = YES;
				GCC_WARN_ABOUT_RETURN_TYPE = YES_ERROR;
				GCC_WARN_UNDECLARED_SELECTOR = YES;
				GCC_WARN_UNINITIALIZED_AUTOS = YES_AGGRESSIVE;
				GCC_WARN_UNUSED_FUNCTION = YES;
				GCC_WARN_UNUSED_VARIABLE = YES;
				IPHONEOS_DEPLOYMENT_TARGET = 14.3;
				MTL_ENABLE_DEBUG_INFO = NO;
				MTL_FAST_MATH = YES;
				SDKROOT = iphoneos;
				SWIFT_COMPILATION_MODE = wholemodule;
				SWIFT_OPTIMIZATION_LEVEL = "-O";
				VALIDATE_PRODUCT = YES;
			};
			name = Release;
		};
		2F86F6C425F7B9F400AF0128 /* Debug */ = {
			isa = XCBuildConfiguration;
			buildSettings = {
				ASSETCATALOG_COMPILER_APPICON_NAME = AppIcon;
				ASSETCATALOG_COMPILER_GLOBAL_ACCENT_COLOR_NAME = AccentColor;
				CODE_SIGN_STYLE = Automatic;
				INFOPLIST_FILE = cryptsome/SupportingFiles/Info.plist;
				LD_RUNPATH_SEARCH_PATHS = (
					"$(inherited)",
					"@executable_path/Frameworks",
				);
				PRODUCT_BUNDLE_IDENTIFIER = com.caiomadeira.cryptsome;
				PRODUCT_NAME = "$(TARGET_NAME)";
				SWIFT_VERSION = 5.0;
				TARGETED_DEVICE_FAMILY = "1,2";
			};
			name = Debug;
		};
		2F86F6C525F7B9F400AF0128 /* Release */ = {
			isa = XCBuildConfiguration;
			buildSettings = {
				ASSETCATALOG_COMPILER_APPICON_NAME = AppIcon;
				ASSETCATALOG_COMPILER_GLOBAL_ACCENT_COLOR_NAME = AccentColor;
				CODE_SIGN_STYLE = Automatic;
				INFOPLIST_FILE = cryptsome/SupportingFiles/Info.plist;
				LD_RUNPATH_SEARCH_PATHS = (
					"$(inherited)",
					"@executable_path/Frameworks",
				);
				PRODUCT_BUNDLE_IDENTIFIER = com.caiomadeira.cryptsome;
				PRODUCT_NAME = "$(TARGET_NAME)";
				SWIFT_VERSION = 5.0;
				TARGETED_DEVICE_FAMILY = "1,2";
			};
			name = Release;
		};
		2F86F6C725F7B9F400AF0128 /* Debug */ = {
			isa = XCBuildConfiguration;
			buildSettings = {
				ALWAYS_EMBED_SWIFT_STANDARD_LIBRARIES = YES;
				BUNDLE_LOADER = "$(TEST_HOST)";
				CODE_SIGN_STYLE = Automatic;
				INFOPLIST_FILE = cryptsomeTests/Info.plist;
				IPHONEOS_DEPLOYMENT_TARGET = 14.3;
				LD_RUNPATH_SEARCH_PATHS = (
					"$(inherited)",
					"@executable_path/Frameworks",
					"@loader_path/Frameworks",
				);
				PRODUCT_BUNDLE_IDENTIFIER = com.caiomadeira.cryptsomeTests;
				PRODUCT_NAME = "$(TARGET_NAME)";
				SWIFT_VERSION = 5.0;
				TARGETED_DEVICE_FAMILY = "1,2";
				TEST_HOST = "$(BUILT_PRODUCTS_DIR)/cryptsome.app/cryptsome";
			};
			name = Debug;
		};
		2F86F6C825F7B9F400AF0128 /* Release */ = {
			isa = XCBuildConfiguration;
			buildSettings = {
				ALWAYS_EMBED_SWIFT_STANDARD_LIBRARIES = YES;
				BUNDLE_LOADER = "$(TEST_HOST)";
				CODE_SIGN_STYLE = Automatic;
				INFOPLIST_FILE = cryptsomeTests/Info.plist;
				IPHONEOS_DEPLOYMENT_TARGET = 14.3;
				LD_RUNPATH_SEARCH_PATHS = (
					"$(inherited)",
					"@executable_path/Frameworks",
					"@loader_path/Frameworks",
				);
				PRODUCT_BUNDLE_IDENTIFIER = com.caiomadeira.cryptsomeTests;
				PRODUCT_NAME = "$(TARGET_NAME)";
				SWIFT_VERSION = 5.0;
				TARGETED_DEVICE_FAMILY = "1,2";
				TEST_HOST = "$(BUILT_PRODUCTS_DIR)/cryptsome.app/cryptsome";
			};
			name = Release;
		};
		2F86F6CA25F7B9F400AF0128 /* Debug */ = {
			isa = XCBuildConfiguration;
			buildSettings = {
				ALWAYS_EMBED_SWIFT_STANDARD_LIBRARIES = YES;
				CODE_SIGN_STYLE = Automatic;
				INFOPLIST_FILE = cryptsomeUITests/Info.plist;
				LD_RUNPATH_SEARCH_PATHS = (
					"$(inherited)",
					"@executable_path/Frameworks",
					"@loader_path/Frameworks",
				);
				PRODUCT_BUNDLE_IDENTIFIER = com.caiomadeira.cryptsomeUITests;
				PRODUCT_NAME = "$(TARGET_NAME)";
				SWIFT_VERSION = 5.0;
				TARGETED_DEVICE_FAMILY = "1,2";
				TEST_TARGET_NAME = cryptsome;
			};
			name = Debug;
		};
		2F86F6CB25F7B9F400AF0128 /* Release */ = {
			isa = XCBuildConfiguration;
			buildSettings = {
				ALWAYS_EMBED_SWIFT_STANDARD_LIBRARIES = YES;
				CODE_SIGN_STYLE = Automatic;
				INFOPLIST_FILE = cryptsomeUITests/Info.plist;
				LD_RUNPATH_SEARCH_PATHS = (
					"$(inherited)",
					"@executable_path/Frameworks",
					"@loader_path/Frameworks",
				);
				PRODUCT_BUNDLE_IDENTIFIER = com.caiomadeira.cryptsomeUITests;
				PRODUCT_NAME = "$(TARGET_NAME)";
				SWIFT_VERSION = 5.0;
				TARGETED_DEVICE_FAMILY = "1,2";
				TEST_TARGET_NAME = cryptsome;
			};
			name = Release;
		};
/* End XCBuildConfiguration section */

/* Begin XCConfigurationList section */
		2F86F69425F7B9F200AF0128 /* Build configuration list for PBXProject "cryptsome" */ = {
			isa = XCConfigurationList;
			buildConfigurations = (
				2F86F6C125F7B9F400AF0128 /* Debug */,
				2F86F6C225F7B9F400AF0128 /* Release */,
			);
			defaultConfigurationIsVisible = 0;
			defaultConfigurationName = Release;
		};
		2F86F6C325F7B9F400AF0128 /* Build configuration list for PBXNativeTarget "cryptsome" */ = {
			isa = XCConfigurationList;
			buildConfigurations = (
				2F86F6C425F7B9F400AF0128 /* Debug */,
				2F86F6C525F7B9F400AF0128 /* Release */,
			);
			defaultConfigurationIsVisible = 0;
			defaultConfigurationName = Release;
		};
		2F86F6C625F7B9F400AF0128 /* Build configuration list for PBXNativeTarget "cryptsomeTests" */ = {
			isa = XCConfigurationList;
			buildConfigurations = (
				2F86F6C725F7B9F400AF0128 /* Debug */,
				2F86F6C825F7B9F400AF0128 /* Release */,
			);
			defaultConfigurationIsVisible = 0;
			defaultConfigurationName = Release;
		};
		2F86F6C925F7B9F400AF0128 /* Build configuration list for PBXNativeTarget "cryptsomeUITests" */ = {
			isa = XCConfigurationList;
			buildConfigurations = (
				2F86F6CA25F7B9F400AF0128 /* Debug */,
				2F86F6CB25F7B9F400AF0128 /* Release */,
			);
			defaultConfigurationIsVisible = 0;
			defaultConfigurationName = Release;
		};
/* End XCConfigurationList section */
	};
	rootObject = 2F86F69125F7B9F200AF0128 /* Project object */;
}
